<Solution>
    <Configurations>
        <Platform Name="Any CPU" />
    </Configurations>
    <Folder Name="/src/">
        <Project Path="src/SmartPantry.Domain/SmartPantry.Domain.csproj" />
        <Project Path="src/SmartPantry.Application/SmartPantry.Application.csproj" />
        <Project Path="src/SmartPantry.EntityFrameworkCore/SmartPantry.EntityFrameworkCore.csproj" />
        <Project Path="src/SmartPantry.Domain.Shared/SmartPantry.Domain.Shared.csproj" />
        <Project Path="src/SmartPantry.Application.Contracts/SmartPantry.Application.Contracts.csproj" />
        <Project Path="src/SmartPantry.HttpApi/SmartPantry.HttpApi.csproj" />
        <Project Path="src/SmartPantry.HttpApi.Client/SmartPantry.HttpApi.Client.csproj" />
        <Project Path="src/SmartPantry.HttpApi.Host/SmartPantry.HttpApi.Host.csproj" />
        <Project Path="src/SmartPantry.DbMigrator/SmartPantry.DbMigrator.csproj" />
    </Folder>
    <Folder Name="/test/">
        <Project Path="test/SmartPantry.Application.Tests/SmartPantry.Application.Tests.csproj" />
        <Project Path="test/SmartPantry.EntityFrameworkCore.Tests/SmartPantry.EntityFrameworkCore.Tests.csproj" />
        <Project Path="test/SmartPantry.TestBase/SmartPantry.TestBase.csproj" />
        <Project Path="test/SmartPantry.Domain.Tests/SmartPantry.Domain.Tests.csproj" />
        <Project Path="test/SmartPantry.HttpApi.Client.ConsoleTestApp/SmartPantry.HttpApi.Client.ConsoleTestApp.csproj" />
    </Folder>
</Solution>